
Microsoft Visual Studio Solution File, Format Version 12.00
# Visual Studio Version 17
VisualStudioVersion = 17.4.33213.308
MinimumVisualStudioVersion = 10.0.40219.1
Project("{FAE04EC0-301F-11D3-BF4B-00C04F79EFBC}") = "DemoTempData", "DemoTempData\DemoTempData.csproj", "{F16D22EF-AAFA-47A9-B811-942C9AA67B65}"
EndProject
Global
	GlobalSection(SolutionConfigurationPlatforms) = preSolution
		Debug|Any CPU = Debug|Any CPU
		Release|Any CPU = Release|Any CPU
	EndGlobalSection
	GlobalSection(ProjectConfigurationPlatforms) = postSolution
		{F16D22EF-AAFA-47A9-B811-942C9AA67B65}.Debug|Any CPU.ActiveCfg = Debug|Any CPU
		{F16D22EF-AAFA-47A9-B811-942C9AA67B65}.Debug|Any CPU.Build.0 = Debug|Any CPU
		{F16D22EF-AAFA-47A9-B811-942C9AA67B65}.Release|Any CPU.ActiveCfg = Release|Any CPU
		{F16D22EF-AAFA-47A9-B811-942C9AA67B65}.Release|Any CPU.Build.0 = Release|Any CPU
	EndGlobalSection
	GlobalSection(SolutionProperties) = preSolution
		HideSolutionNode = FALSE
	EndGlobalSection
	GlobalSection(ExtensibilityGlobals) = postSolution
		SolutionGuid = {2D46055A-89A9-4EE5-B7C8-AAB67023273A}
	EndGlobalSection
EndGlobal
