
Microsoft Visual Studio Solution File, Format Version 12.00
# Visual Studio Version 17
VisualStudioVersion = 17.4.33213.308
MinimumVisualStudioVersion = 10.0.40219.1
Project("{FAE04EC0-301F-11D3-BF4B-00C04F79EFBC}") = "EFCodeFirstApproachExample", "EFCodeFirstApproachExample\EFCodeFirstApproachExample.csproj", "{60807C39-495D-41BD-B231-F0ED50C0A3F4}"
EndProject
Project("{FAE04EC0-301F-11D3-BF4B-00C04F79EFBC}") = "DataLayer", "DataLayer\DataLayer.csproj", "{689299E7-9C27-483D-8C23-83E4189486E5}"
EndProject
Project("{FAE04EC0-301F-11D3-BF4B-00C04F79EFBC}") = "DomainModels", "DomainModels\DomainModels.csproj", "{65960CB3-F082-4FC2-BC0E-D2B21C8DB00A}"
EndProject
Project("{FAE04EC0-301F-11D3-BF4B-00C04F79EFBC}") = "ServiceLayer", "ServiceLayer\ServiceLayer.csproj", "{61CC5129-12D4-4842-82C8-01BB776E4A59}"
EndProject
Project("{FAE04EC0-301F-11D3-BF4B-00C04F79EFBC}") = "ServiceContracts", "ServiceContracts\ServiceContracts.csproj", "{CD09BC45-AE04-4085-B2D0-648351F7A957}"
EndProject
Project("{FAE04EC0-301F-11D3-BF4B-00C04F79EFBC}") = "RepositoryLayer", "RepositoryLayer\RepositoryLayer.csproj", "{BA5C0F4A-CAB8-4C38-AF50-92D0D2A2091E}"
EndProject
Project("{FAE04EC0-301F-11D3-BF4B-00C04F79EFBC}") = "RepositoryContracts", "RepositoryContracts\RepositoryContracts.csproj", "{21A74BA1-B5DC-41B9-978D-2E736AD3A78B}"
EndProject
Global
	GlobalSection(SolutionConfigurationPlatforms) = preSolution
		Debug|Any CPU = Debug|Any CPU
		Release|Any CPU = Release|Any CPU
	EndGlobalSection
	GlobalSection(ProjectConfigurationPlatforms) = postSolution
		{60807C39-495D-41BD-B231-F0ED50C0A3F4}.Debug|Any CPU.ActiveCfg = Debug|Any CPU
		{60807C39-495D-41BD-B231-F0ED50C0A3F4}.Debug|Any CPU.Build.0 = Debug|Any CPU
		{60807C39-495D-41BD-B231-F0ED50C0A3F4}.Release|Any CPU.ActiveCfg = Release|Any CPU
		{60807C39-495D-41BD-B231-F0ED50C0A3F4}.Release|Any CPU.Build.0 = Release|Any CPU
		{689299E7-9C27-483D-8C23-83E4189486E5}.Debug|Any CPU.ActiveCfg = Debug|Any CPU
		{689299E7-9C27-483D-8C23-83E4189486E5}.Debug|Any CPU.Build.0 = Debug|Any CPU
		{689299E7-9C27-483D-8C23-83E4189486E5}.Release|Any CPU.ActiveCfg = Release|Any CPU
		{689299E7-9C27-483D-8C23-83E4189486E5}.Release|Any CPU.Build.0 = Release|Any CPU
		{65960CB3-F082-4FC2-BC0E-D2B21C8DB00A}.Debug|Any CPU.ActiveCfg = Debug|Any CPU
		{65960CB3-F082-4FC2-BC0E-D2B21C8DB00A}.Debug|Any CPU.Build.0 = Debug|Any CPU
		{65960CB3-F082-4FC2-BC0E-D2B21C8DB00A}.Release|Any CPU.ActiveCfg = Release|Any CPU
		{65960CB3-F082-4FC2-BC0E-D2B21C8DB00A}.Release|Any CPU.Build.0 = Release|Any CPU
		{61CC5129-12D4-4842-82C8-01BB776E4A59}.Debug|Any CPU.ActiveCfg = Debug|Any CPU
		{61CC5129-12D4-4842-82C8-01BB776E4A59}.Debug|Any CPU.Build.0 = Debug|Any CPU
		{61CC5129-12D4-4842-82C8-01BB776E4A59}.Release|Any CPU.ActiveCfg = Release|Any CPU
		{61CC5129-12D4-4842-82C8-01BB776E4A59}.Release|Any CPU.Build.0 = Release|Any CPU
		{CD09BC45-AE04-4085-B2D0-648351F7A957}.Debug|Any CPU.ActiveCfg = Debug|Any CPU
		{CD09BC45-AE04-4085-B2D0-648351F7A957}.Debug|Any CPU.Build.0 = Debug|Any CPU
		{CD09BC45-AE04-4085-B2D0-648351F7A957}.Release|Any CPU.ActiveCfg = Release|Any CPU
		{CD09BC45-AE04-4085-B2D0-648351F7A957}.Release|Any CPU.Build.0 = Release|Any CPU
		{BA5C0F4A-CAB8-4C38-AF50-92D0D2A2091E}.Debug|Any CPU.ActiveCfg = Debug|Any CPU
		{BA5C0F4A-CAB8-4C38-AF50-92D0D2A2091E}.Debug|Any CPU.Build.0 = Debug|Any CPU
		{BA5C0F4A-CAB8-4C38-AF50-92D0D2A2091E}.Release|Any CPU.ActiveCfg = Release|Any CPU
		{BA5C0F4A-CAB8-4C38-AF50-92D0D2A2091E}.Release|Any CPU.Build.0 = Release|Any CPU
		{21A74BA1-B5DC-41B9-978D-2E736AD3A78B}.Debug|Any CPU.ActiveCfg = Debug|Any CPU
		{21A74BA1-B5DC-41B9-978D-2E736AD3A78B}.Debug|Any CPU.Build.0 = Debug|Any CPU
		{21A74BA1-B5DC-41B9-978D-2E736AD3A78B}.Release|Any CPU.ActiveCfg = Release|Any CPU
		{21A74BA1-B5DC-41B9-978D-2E736AD3A78B}.Release|Any CPU.Build.0 = Release|Any CPU
	EndGlobalSection
	GlobalSection(SolutionProperties) = preSolution
		HideSolutionNode = FALSE
	EndGlobalSection
	GlobalSection(ExtensibilityGlobals) = postSolution
		SolutionGuid = {CB02D658-9E00-45BC-B801-0D2B82DEC47B}
	EndGlobalSection
EndGlobal
